
Microsoft Visual Studio Solution File, Format Version 12.00
# Visual Studio Version 17
VisualStudioVersion = 17.9.34714.143
MinimumVisualStudioVersion = 10.0.40219.1
Project("{FAE04EC0-301F-11D3-BF4B-00C04F79EFBC}") = "ExpenseManager.Api", "ExpenseManager.Api\ExpenseManager.Api.csproj", "{9F6273A1-8CB2-4D48-AB34-E565E9500F2D}"
EndProject
Project("{FAE04EC0-301F-11D3-BF4B-00C04F79EFBC}") = "ExpenseManager.Api.Database", "ExpenseManager.Database\ExpenseManager.Api.Database.csproj", "{E9A5B043-3B12-4006-921F-623CA8C35441}"
EndProject
Project("{FAE04EC0-301F-11D3-BF4B-00C04F79EFBC}") = "ExpenseManager.Api.Repository", "ExpenseManager.Api.Repository\ExpenseManager.Api.Repository.csproj", "{9B419600-D87C-48FA-9B3B-C83462F4EB82}"
EndProject
Project("{FAE04EC0-301F-11D3-BF4B-00C04F79EFBC}") = "ExpenseManager.Api.Service", "ExpenseManager.Api.Service\ExpenseManager.Api.Service.csproj", "{FA8370C9-E7DC-4718-8BAE-253989587815}"
EndProject
Project("{FAE04EC0-301F-11D3-BF4B-00C04F79EFBC}") = "ExpenseManager.Shared", "ExpenseManager.Shared\ExpenseManager.Shared.csproj", "{17355D4E-979D-47AB-95CC-C4B04920C903}"
EndProject
Global
	GlobalSection(SolutionConfigurationPlatforms) = preSolution
		Debug|Any CPU = Debug|Any CPU
		Release|Any CPU = Release|Any CPU
	EndGlobalSection
	GlobalSection(ProjectConfigurationPlatforms) = postSolution
		{9F6273A1-8CB2-4D48-AB34-E565E9500F2D}.Debug|Any CPU.ActiveCfg = Debug|Any CPU
		{9F6273A1-8CB2-4D48-AB34-E565E9500F2D}.Debug|Any CPU.Build.0 = Debug|Any CPU
		{9F6273A1-8CB2-4D48-AB34-E565E9500F2D}.Release|Any CPU.ActiveCfg = Release|Any CPU
		{9F6273A1-8CB2-4D48-AB34-E565E9500F2D}.Release|Any CPU.Build.0 = Release|Any CPU
		{E9A5B043-3B12-4006-921F-623CA8C35441}.Debug|Any CPU.ActiveCfg = Debug|Any CPU
		{E9A5B043-3B12-4006-921F-623CA8C35441}.Debug|Any CPU.Build.0 = Debug|Any CPU
		{E9A5B043-3B12-4006-921F-623CA8C35441}.Release|Any CPU.ActiveCfg = Release|Any CPU
		{E9A5B043-3B12-4006-921F-623CA8C35441}.Release|Any CPU.Build.0 = Release|Any CPU
		{9B419600-D87C-48FA-9B3B-C83462F4EB82}.Debug|Any CPU.ActiveCfg = Debug|Any CPU
		{9B419600-D87C-48FA-9B3B-C83462F4EB82}.Debug|Any CPU.Build.0 = Debug|Any CPU
		{9B419600-D87C-48FA-9B3B-C83462F4EB82}.Release|Any CPU.ActiveCfg = Release|Any CPU
		{9B419600-D87C-48FA-9B3B-C83462F4EB82}.Release|Any CPU.Build.0 = Release|Any CPU
		{FA8370C9-E7DC-4718-8BAE-253989587815}.Debug|Any CPU.ActiveCfg = Debug|Any CPU
		{FA8370C9-E7DC-4718-8BAE-253989587815}.Debug|Any CPU.Build.0 = Debug|Any CPU
		{FA8370C9-E7DC-4718-8BAE-253989587815}.Release|Any CPU.ActiveCfg = Release|Any CPU
		{FA8370C9-E7DC-4718-8BAE-253989587815}.Release|Any CPU.Build.0 = Release|Any CPU
		{17355D4E-979D-47AB-95CC-C4B04920C903}.Debug|Any CPU.ActiveCfg = Debug|Any CPU
		{17355D4E-979D-47AB-95CC-C4B04920C903}.Debug|Any CPU.Build.0 = Debug|Any CPU
		{17355D4E-979D-47AB-95CC-C4B04920C903}.Release|Any CPU.ActiveCfg = Release|Any CPU
		{17355D4E-979D-47AB-95CC-C4B04920C903}.Release|Any CPU.Build.0 = Release|Any CPU
	EndGlobalSection
	GlobalSection(SolutionProperties) = preSolution
		HideSolutionNode = FALSE
	EndGlobalSection
	GlobalSection(ExtensibilityGlobals) = postSolution
		SolutionGuid = {18587BAB-EA90-4F0E-AFE3-9E0F25A4ED33}
	EndGlobalSection
EndGlobal
